
Microsoft Visual Studio Solution File, Format Version 12.00
# Visual Studio 15
VisualStudioVersion = 15.0.27703.2026
MinimumVisualStudioVersion = 10.0.40219.1
Project("{FAE04EC0-301F-11D3-BF4B-00C04F79EFBC}") = "SessionDemo", "SessionDemo\SessionDemo.csproj", "{31B4E872-BB50-40AA-AF1C-AE1756D34ECE}"
EndProject
Project("{9A19103F-16F7-4668-BE54-9A1E7A4F7556}") = "FakeBackend", "FakeBackend\FakeBackend.csproj", "{9912AAC5-4E1F-46DE-94E4-78BBDD1BEAEA}"
EndProject
Project("{FAE04EC0-301F-11D3-BF4B-00C04F79EFBC}") = "Mvc5AuthDemo", "Mvc5AuthDemo\Mvc5AuthDemo.csproj", "{BAFC064E-8C54-427F-8FFB-5B9B354C788C}"
EndProject
Project("{FAE04EC0-301F-11D3-BF4B-00C04F79EFBC}") = "Core2AuthDemo", "Core2AuthDemo\Core2AuthDemo.csproj", "{29BBCC23-5140-45D6-A3C0-15715CC08867}"
EndProject
Global
	GlobalSection(SolutionConfigurationPlatforms) = preSolution
		Debug|Any CPU = Debug|Any CPU
		Release|Any CPU = Release|Any CPU
	EndGlobalSection
	GlobalSection(ProjectConfigurationPlatforms) = postSolution
		{31B4E872-BB50-40AA-AF1C-AE1756D34ECE}.Debug|Any CPU.ActiveCfg = Debug|Any CPU
		{31B4E872-BB50-40AA-AF1C-AE1756D34ECE}.Debug|Any CPU.Build.0 = Debug|Any CPU
		{31B4E872-BB50-40AA-AF1C-AE1756D34ECE}.Release|Any CPU.ActiveCfg = Release|Any CPU
		{31B4E872-BB50-40AA-AF1C-AE1756D34ECE}.Release|Any CPU.Build.0 = Release|Any CPU
		{9912AAC5-4E1F-46DE-94E4-78BBDD1BEAEA}.Debug|Any CPU.ActiveCfg = Debug|Any CPU
		{9912AAC5-4E1F-46DE-94E4-78BBDD1BEAEA}.Debug|Any CPU.Build.0 = Debug|Any CPU
		{9912AAC5-4E1F-46DE-94E4-78BBDD1BEAEA}.Release|Any CPU.ActiveCfg = Release|Any CPU
		{9912AAC5-4E1F-46DE-94E4-78BBDD1BEAEA}.Release|Any CPU.Build.0 = Release|Any CPU
		{BAFC064E-8C54-427F-8FFB-5B9B354C788C}.Debug|Any CPU.ActiveCfg = Debug|Any CPU
		{BAFC064E-8C54-427F-8FFB-5B9B354C788C}.Debug|Any CPU.Build.0 = Debug|Any CPU
		{BAFC064E-8C54-427F-8FFB-5B9B354C788C}.Release|Any CPU.ActiveCfg = Release|Any CPU
		{BAFC064E-8C54-427F-8FFB-5B9B354C788C}.Release|Any CPU.Build.0 = Release|Any CPU
		{29BBCC23-5140-45D6-A3C0-15715CC08867}.Debug|Any CPU.ActiveCfg = Debug|Any CPU
		{29BBCC23-5140-45D6-A3C0-15715CC08867}.Debug|Any CPU.Build.0 = Debug|Any CPU
		{29BBCC23-5140-45D6-A3C0-15715CC08867}.Release|Any CPU.ActiveCfg = Release|Any CPU
		{29BBCC23-5140-45D6-A3C0-15715CC08867}.Release|Any CPU.Build.0 = Release|Any CPU
	EndGlobalSection
	GlobalSection(SolutionProperties) = preSolution
		HideSolutionNode = FALSE
	EndGlobalSection
	GlobalSection(ExtensibilityGlobals) = postSolution
		SolutionGuid = {AB0716D0-9A01-45A3-BA06-205F903A64C6}
	EndGlobalSection
EndGlobal
