
Microsoft Visual Studio Solution File, Format Version 12.00
# Visual Studio 15
VisualStudioVersion = 15.0.27703.2026
MinimumVisualStudioVersion = 10.0.40219.1
Project("{FAE04EC0-301F-11D3-BF4B-00C04F79EFBC}") = "SessionDemo", "SessionDemo\SessionDemo.csproj", "{31B4E872-BB50-40AA-AF1C-AE1756D34ECE}"
EndProject
Global
	GlobalSection(SolutionConfigurationPlatforms) = preSolution
		Debug|Any CPU = Debug|Any CPU
		Release|Any CPU = Release|Any CPU
	EndGlobalSection
	GlobalSection(ProjectConfigurationPlatforms) = postSolution
		{31B4E872-BB50-40AA-AF1C-AE1756D34ECE}.Debug|Any CPU.ActiveCfg = Debug|Any CPU
		{31B4E872-BB50-40AA-AF1C-AE1756D34ECE}.Debug|Any CPU.Build.0 = Debug|Any CPU
		{31B4E872-BB50-40AA-AF1C-AE1756D34ECE}.Release|Any CPU.ActiveCfg = Release|Any CPU
		{31B4E872-BB50-40AA-AF1C-AE1756D34ECE}.Release|Any CPU.Build.0 = Release|Any CPU
	EndGlobalSection
	GlobalSection(SolutionProperties) = preSolution
		HideSolutionNode = FALSE
	EndGlobalSection
	GlobalSection(ExtensibilityGlobals) = postSolution
		SolutionGuid = {AB0716D0-9A01-45A3-BA06-205F903A64C6}
	EndGlobalSection
EndGlobal
